
Microsoft Visual Studio Solution File, Format Version 12.00
# Visual Studio Version 17
VisualStudioVersion = 17.10.35122.118
MinimumVisualStudioVersion = 10.0.40219.1
Project("{9A19103F-16F7-4668-BE54-9A1E7A4F7556}") = "BookStore.Api", "BookStore.Api\BookStore.Api.csproj", "{E87FC652-F610-4E63-A79F-8AB40484ED4C}"
EndProject
Project("{9A19103F-16F7-4668-BE54-9A1E7A4F7556}") = "BookStore.Dtos", "BookStore.Dtos\BookStore.Dtos.csproj", "{26590C8A-1449-4622-A613-FDB7DA78EA8E}"
EndProject
Project("{9A19103F-16F7-4668-BE54-9A1E7A4F7556}") = "BookStore.Entities", "BookStore.Entities\BookStore.Entities.csproj", "{192FFFF9-3F2D-4262-B9DD-2D17857282E1}"
EndProject
Project("{9A19103F-16F7-4668-BE54-9A1E7A4F7556}") = "BookStore.Mappers", "BookStore.Mappers\BookStore.Mappers.csproj", "{779D7C26-461B-4580-9DEC-E86CD305D444}"
EndProject
Project("{9A19103F-16F7-4668-BE54-9A1E7A4F7556}") = "BookStore.Persistences", "BookStore.Persistences\BookStore.Persistences.csproj", "{22F7044F-01BE-4E79-8757-6B124C9E80C3}"
EndProject
Project("{9A19103F-16F7-4668-BE54-9A1E7A4F7556}") = "BookStore.Repositories", "BookStore.Repositories\BookStore.Repositories.csproj", "{C36E06DB-DA10-48AC-8DBE-A8980467E907}"
EndProject
Project("{9A19103F-16F7-4668-BE54-9A1E7A4F7556}") = "BookStore.Services", "BookStore.Services\BookStore.Services.csproj", "{2FE91441-E1B3-45F7-90F8-687167A1E4F3}"
EndProject
Project("{FAE04EC0-301F-11D3-BF4B-00C04F79EFBC}") = "BookStore.Pagination", "BookStore.Pagination\BookStore.Pagination.csproj", "{D5546AF9-AA23-4398-AE6F-E4194C35B0A0}"
EndProject
Global
	GlobalSection(SolutionConfigurationPlatforms) = preSolution
		Debug|Any CPU = Debug|Any CPU
		Release|Any CPU = Release|Any CPU
	EndGlobalSection
	GlobalSection(ProjectConfigurationPlatforms) = postSolution
		{E87FC652-F610-4E63-A79F-8AB40484ED4C}.Debug|Any CPU.ActiveCfg = Debug|Any CPU
		{E87FC652-F610-4E63-A79F-8AB40484ED4C}.Debug|Any CPU.Build.0 = Debug|Any CPU
		{E87FC652-F610-4E63-A79F-8AB40484ED4C}.Release|Any CPU.ActiveCfg = Release|Any CPU
		{E87FC652-F610-4E63-A79F-8AB40484ED4C}.Release|Any CPU.Build.0 = Release|Any CPU
		{26590C8A-1449-4622-A613-FDB7DA78EA8E}.Debug|Any CPU.ActiveCfg = Debug|Any CPU
		{26590C8A-1449-4622-A613-FDB7DA78EA8E}.Debug|Any CPU.Build.0 = Debug|Any CPU
		{26590C8A-1449-4622-A613-FDB7DA78EA8E}.Release|Any CPU.ActiveCfg = Release|Any CPU
		{26590C8A-1449-4622-A613-FDB7DA78EA8E}.Release|Any CPU.Build.0 = Release|Any CPU
		{192FFFF9-3F2D-4262-B9DD-2D17857282E1}.Debug|Any CPU.ActiveCfg = Debug|Any CPU
		{192FFFF9-3F2D-4262-B9DD-2D17857282E1}.Debug|Any CPU.Build.0 = Debug|Any CPU
		{192FFFF9-3F2D-4262-B9DD-2D17857282E1}.Release|Any CPU.ActiveCfg = Release|Any CPU
		{192FFFF9-3F2D-4262-B9DD-2D17857282E1}.Release|Any CPU.Build.0 = Release|Any CPU
		{779D7C26-461B-4580-9DEC-E86CD305D444}.Debug|Any CPU.ActiveCfg = Debug|Any CPU
		{779D7C26-461B-4580-9DEC-E86CD305D444}.Debug|Any CPU.Build.0 = Debug|Any CPU
		{779D7C26-461B-4580-9DEC-E86CD305D444}.Release|Any CPU.ActiveCfg = Release|Any CPU
		{779D7C26-461B-4580-9DEC-E86CD305D444}.Release|Any CPU.Build.0 = Release|Any CPU
		{22F7044F-01BE-4E79-8757-6B124C9E80C3}.Debug|Any CPU.ActiveCfg = Debug|Any CPU
		{22F7044F-01BE-4E79-8757-6B124C9E80C3}.Debug|Any CPU.Build.0 = Debug|Any CPU
		{22F7044F-01BE-4E79-8757-6B124C9E80C3}.Release|Any CPU.ActiveCfg = Release|Any CPU
		{22F7044F-01BE-4E79-8757-6B124C9E80C3}.Release|Any CPU.Build.0 = Release|Any CPU
		{C36E06DB-DA10-48AC-8DBE-A8980467E907}.Debug|Any CPU.ActiveCfg = Debug|Any CPU
		{C36E06DB-DA10-48AC-8DBE-A8980467E907}.Debug|Any CPU.Build.0 = Debug|Any CPU
		{C36E06DB-DA10-48AC-8DBE-A8980467E907}.Release|Any CPU.ActiveCfg = Release|Any CPU
		{C36E06DB-DA10-48AC-8DBE-A8980467E907}.Release|Any CPU.Build.0 = Release|Any CPU
		{2FE91441-E1B3-45F7-90F8-687167A1E4F3}.Debug|Any CPU.ActiveCfg = Debug|Any CPU
		{2FE91441-E1B3-45F7-90F8-687167A1E4F3}.Debug|Any CPU.Build.0 = Debug|Any CPU
		{2FE91441-E1B3-45F7-90F8-687167A1E4F3}.Release|Any CPU.ActiveCfg = Release|Any CPU
		{2FE91441-E1B3-45F7-90F8-687167A1E4F3}.Release|Any CPU.Build.0 = Release|Any CPU
		{D5546AF9-AA23-4398-AE6F-E4194C35B0A0}.Debug|Any CPU.ActiveCfg = Debug|Any CPU
		{D5546AF9-AA23-4398-AE6F-E4194C35B0A0}.Debug|Any CPU.Build.0 = Debug|Any CPU
		{D5546AF9-AA23-4398-AE6F-E4194C35B0A0}.Release|Any CPU.ActiveCfg = Release|Any CPU
		{D5546AF9-AA23-4398-AE6F-E4194C35B0A0}.Release|Any CPU.Build.0 = Release|Any CPU
	EndGlobalSection
	GlobalSection(SolutionProperties) = preSolution
		HideSolutionNode = FALSE
	EndGlobalSection
	GlobalSection(ExtensibilityGlobals) = postSolution
		SolutionGuid = {A3EF253B-C01B-4888-BA4C-8AB5C773F76D}
	EndGlobalSection
EndGlobal
